{
  "nodes": {
    "care-nvim": {
      "inputs": {
        "flake-parts": "flake-parts",
        "gen-luarc": "gen-luarc",
        "nixpkgs": "nixpkgs_2"
      },
      "locked": {
        "lastModified": 1733911531,
        "narHash": "sha256-I0zliEcat3/Neb323VM0iyrrbAwH2wFuVF1V0M0BH7o=",
        "owner": "max397574",
        "repo": "care.nvim",
        "rev": "dba715ef083e1df2a7d47bd45d0b66e34ca5bba9",
        "type": "github"
      },
      "original": {
        "owner": "max397574",
        "repo": "care.nvim",
        "type": "github"
      }
    },
    "flake-compat": {
      "flake": false,
      "locked": {
        "lastModified": 1733328505,
        "narHash": "sha256-NeCCThCEP3eCl2l/+27kNNK7QrwZB1IJCrXfrbv5oqU=",
        "owner": "edolstra",
        "repo": "flake-compat",
        "rev": "ff81ac966bb2cae68946d5ed5fc4994f96d0ffec",
        "type": "github"
      },
      "original": {
        "owner": "edolstra",
        "repo": "flake-compat",
        "type": "github"
      }
    },
    "flake-compat_2": {
      "flake": false,
      "locked": {
        "lastModified": 1696426674,
        "narHash": "sha256-kvjfFW7WAETZlt09AgDn1MrtKzP7t90Vf7vypd3OL1U=",
        "owner": "edolstra",
        "repo": "flake-compat",
        "rev": "0f9255e01c2351cc7d116c072cb317785dd33b33",
        "type": "github"
      },
      "original": {
        "owner": "edolstra",
        "repo": "flake-compat",
        "type": "github"
      }
    },
    "flake-parts": {
      "inputs": {
        "nixpkgs-lib": "nixpkgs-lib"
      },
      "locked": {
        "lastModified": 1717285511,
        "narHash": "sha256-iKzJcpdXih14qYVcZ9QC9XuZYnPc6T8YImb6dX166kw=",
        "owner": "hercules-ci",
        "repo": "flake-parts",
        "rev": "2a55567fcf15b1b1c7ed712a2c6fadaec7412ea8",
        "type": "github"
      },
      "original": {
        "owner": "hercules-ci",
        "repo": "flake-parts",
        "type": "github"
      }
    },
    "flake-parts_2": {
      "inputs": {
        "nixpkgs-lib": "nixpkgs-lib_2"
      },
      "locked": {
        "lastModified": 1717285511,
        "narHash": "sha256-iKzJcpdXih14qYVcZ9QC9XuZYnPc6T8YImb6dX166kw=",
        "owner": "hercules-ci",
        "repo": "flake-parts",
        "rev": "2a55567fcf15b1b1c7ed712a2c6fadaec7412ea8",
        "type": "github"
      },
      "original": {
        "owner": "hercules-ci",
        "repo": "flake-parts",
        "type": "github"
      }
    },
    "flake-parts_3": {
      "inputs": {
        "nixpkgs-lib": [
          "neovim-nightly-overlay",
          "nixpkgs"
        ]
      },
      "locked": {
        "lastModified": 1736143030,
        "narHash": "sha256-+hu54pAoLDEZT9pjHlqL9DNzWz0NbUn8NEAHP7PQPzU=",
        "owner": "hercules-ci",
        "repo": "flake-parts",
        "rev": "b905f6fc23a9051a6e1b741e1438dbfc0634c6de",
        "type": "github"
      },
      "original": {
        "owner": "hercules-ci",
        "repo": "flake-parts",
        "type": "github"
      }
    },
    "flake-parts_4": {
      "inputs": {
        "nixpkgs-lib": [
          "neovim-nightly-overlay",
          "hercules-ci-effects",
          "nixpkgs"
        ]
      },
      "locked": {
        "lastModified": 1736143030,
        "narHash": "sha256-+hu54pAoLDEZT9pjHlqL9DNzWz0NbUn8NEAHP7PQPzU=",
        "owner": "hercules-ci",
        "repo": "flake-parts",
        "rev": "b905f6fc23a9051a6e1b741e1438dbfc0634c6de",
        "type": "github"
      },
      "original": {
        "id": "flake-parts",
        "type": "indirect"
      }
    },
    "flake-utils": {
      "inputs": {
        "systems": "systems"
      },
      "locked": {
        "lastModified": 1731533236,
        "narHash": "sha256-l0KFg5HjrsfsO/JpG+r7fRrqm12kzFHyUHqHCVpMMbI=",
        "owner": "numtide",
        "repo": "flake-utils",
        "rev": "11707dc2f618dd54ca8739b309ec4fc024de578b",
        "type": "github"
      },
      "original": {
        "owner": "numtide",
        "repo": "flake-utils",
        "type": "github"
      }
    },
    "gen-luarc": {
      "inputs": {
        "flake-parts": "flake-parts_2",
        "nixpkgs": "nixpkgs"
      },
      "locked": {
        "lastModified": 1718922730,
        "narHash": "sha256-ykhhOPqA9NzdNBr3ii+3h2DkK2+wasNqQLfMF6BXxTE=",
        "owner": "mrcjkb",
        "repo": "nix-gen-luarc-json",
        "rev": "021e8078e43884c6cdc70ca753d9a0b146cd55a4",
        "type": "github"
      },
      "original": {
        "owner": "mrcjkb",
        "repo": "nix-gen-luarc-json",
        "type": "github"
      }
    },
    "git-hooks": {
      "inputs": {
        "flake-compat": "flake-compat_2",
        "gitignore": "gitignore",
        "nixpkgs": [
          "neovim-nightly-overlay",
          "nixpkgs"
        ]
      },
      "locked": {
        "lastModified": 1737301351,
        "narHash": "sha256-2UNmLCKORvdBRhPGI8Vx0b6l7M8/QBey/nHLIxOl4jE=",
        "owner": "cachix",
        "repo": "git-hooks.nix",
        "rev": "15a87cedeb67e3dbc8d2f7b9831990dffcf4e69f",
        "type": "github"
      },
      "original": {
        "owner": "cachix",
        "repo": "git-hooks.nix",
        "type": "github"
      }
    },
    "gitignore": {
      "inputs": {
        "nixpkgs": [
          "neovim-nightly-overlay",
          "git-hooks",
          "nixpkgs"
        ]
      },
      "locked": {
        "lastModified": 1709087332,
        "narHash": "sha256-HG2cCnktfHsKV0s4XW83gU3F57gaTljL9KNSuG6bnQs=",
        "owner": "hercules-ci",
        "repo": "gitignore.nix",
        "rev": "637db329424fd7e46cf4185293b9cc8c88c95394",
        "type": "github"
      },
      "original": {
        "owner": "hercules-ci",
        "repo": "gitignore.nix",
        "type": "github"
      }
    },
    "hercules-ci-effects": {
      "inputs": {
        "flake-parts": "flake-parts_4",
        "nixpkgs": [
          "neovim-nightly-overlay",
          "nixpkgs"
        ]
      },
      "locked": {
        "lastModified": 1736917206,
        "narHash": "sha256-JTBWmyGf8K1Rwb+gviHIUzRJk/sITtT+72HXFkTZUjo=",
        "owner": "hercules-ci",
        "repo": "hercules-ci-effects",
        "rev": "afd0a42e8c61ebb56899315ee4084a8b2e4ff425",
        "type": "github"
      },
      "original": {
        "owner": "hercules-ci",
        "repo": "hercules-ci-effects",
        "type": "github"
      }
    },
    "neovim-nightly-overlay": {
      "inputs": {
        "flake-compat": "flake-compat",
        "flake-parts": "flake-parts_3",
        "git-hooks": "git-hooks",
        "hercules-ci-effects": "hercules-ci-effects",
        "neovim-src": "neovim-src",
        "nixpkgs": [
          "nixpkgs"
        ],
        "treefmt-nix": "treefmt-nix"
      },
      "locked": {
        "lastModified": 1737444129,
        "narHash": "sha256-RDwsCYHgjFf6iTi5JSfpOAnuQenDh8VFKU01XluVWM8=",
        "owner": "nix-community",
        "repo": "neovim-nightly-overlay",
        "rev": "ac8238031094d5242da26947bfc7174369c12e33",
        "type": "github"
      },
      "original": {
        "owner": "nix-community",
        "repo": "neovim-nightly-overlay",
        "type": "github"
      }
    },
    "neovim-src": {
      "flake": false,
      "locked": {
        "lastModified": 1737414984,
        "narHash": "sha256-A1ITJgtOOwhSC5wB/jfBV9ZuAftroeYRYFqA+aFKgac=",
        "owner": "neovim",
        "repo": "neovim",
        "rev": "855a2a75e6f7d08376c221a46e0179e5c76176ec",
        "type": "github"
      },
      "original": {
        "owner": "neovim",
        "repo": "neovim",
        "type": "github"
      }
    },
    "nil_ls": {
      "inputs": {
        "flake-utils": "flake-utils",
        "nixpkgs": [
          "nixpkgs"
        ],
        "rust-overlay": "rust-overlay"
      },
      "locked": {
        "lastModified": 1732053863,
        "narHash": "sha256-DCIVdlb81Fct2uwzbtnawLBC/U03U2hqx8trqTJB7WA=",
        "owner": "oxalica",
        "repo": "nil",
        "rev": "2e24c9834e3bb5aa2a3701d3713b43a6fb106362",
        "type": "github"
      },
      "original": {
        "owner": "oxalica",
        "repo": "nil",
        "type": "github"
      }
    },
    "nixCats": {
      "locked": {
        "lastModified": 1737460174,
        "narHash": "sha256-dB2HsnN3/yCu8h8lJ94WJI8XFBjMGBC9gOJ51TegAc4=",
        "owner": "BirdeeHub",
        "repo": "nixCats-nvim",
        "rev": "a9d14539739d20bec14e0bbc6315fbb6194a3a31",
        "type": "github"
      },
      "original": {
        "owner": "BirdeeHub",
        "repo": "nixCats-nvim",
        "type": "github"
      }
    },
    "nixpkgs": {
      "locked": {
        "lastModified": 1718714799,
        "narHash": "sha256-FUZpz9rg3gL8NVPKbqU8ei1VkPLsTIfAJ2fdAf5qjak=",
        "owner": "nixos",
        "repo": "nixpkgs",
        "rev": "c00d587b1a1afbf200b1d8f0b0e4ba9deb1c7f0e",
        "type": "github"
      },
      "original": {
        "owner": "nixos",
        "ref": "nixos-unstable",
        "repo": "nixpkgs",
        "type": "github"
      }
    },
    "nixpkgs-lib": {
      "locked": {
        "lastModified": 1717284937,
        "narHash": "sha256-lIbdfCsf8LMFloheeE6N31+BMIeixqyQWbSr2vk79EQ=",
        "type": "tarball",
        "url": "https://github.com/NixOS/nixpkgs/archive/eb9ceca17df2ea50a250b6b27f7bf6ab0186f198.tar.gz"
      },
      "original": {
        "type": "tarball",
        "url": "https://github.com/NixOS/nixpkgs/archive/eb9ceca17df2ea50a250b6b27f7bf6ab0186f198.tar.gz"
      }
    },
    "nixpkgs-lib_2": {
      "locked": {
        "lastModified": 1717284937,
        "narHash": "sha256-lIbdfCsf8LMFloheeE6N31+BMIeixqyQWbSr2vk79EQ=",
        "type": "tarball",
        "url": "https://github.com/NixOS/nixpkgs/archive/eb9ceca17df2ea50a250b6b27f7bf6ab0186f198.tar.gz"
      },
      "original": {
        "type": "tarball",
        "url": "https://github.com/NixOS/nixpkgs/archive/eb9ceca17df2ea50a250b6b27f7bf6ab0186f198.tar.gz"
      }
    },
    "nixpkgs_2": {
      "locked": {
        "lastModified": 1718870667,
        "narHash": "sha256-jab3Kpc8O1z3qxwVsCMHL4+18n5Wy/HHKyu1fcsF7gs=",
        "owner": "NixOS",
        "repo": "nixpkgs",
        "rev": "9b10b8f00cb5494795e5f51b39210fed4d2b0748",
        "type": "github"
      },
      "original": {
        "owner": "NixOS",
        "ref": "nixpkgs-unstable",
        "repo": "nixpkgs",
        "type": "github"
      }
    },
    "nixpkgs_3": {
      "locked": {
        "lastModified": 1737452544,
        "narHash": "sha256-qA5D6Wm9JzrvUvD7zOvK29x5SvemGRyk9oahasLtHXI=",
        "owner": "nixos",
        "repo": "nixpkgs",
        "rev": "eea315cf7d26ae50d3873d56dcf87e8845a23fc5",
        "type": "github"
      },
      "original": {
        "owner": "nixos",
        "ref": "release-24.11",
        "repo": "nixpkgs",
        "type": "github"
      }
    },
    "plugins-base16-nvim": {
      "flake": false,
      "locked": {
        "lastModified": 1716483968,
        "narHash": "sha256-GRF/6AobXHamw8TZ3FjL7SI6ulcpwpcohsIuZeCSh2A=",
        "owner": "RRethy",
        "repo": "base16-nvim",
        "rev": "6ac181b5733518040a33017dde654059cd771b7c",
        "type": "github"
      },
      "original": {
        "owner": "RRethy",
        "repo": "base16-nvim",
        "type": "github"
      }
    },
    "plugins-care-cmp": {
      "flake": false,
      "locked": {
        "lastModified": 1731150544,
        "narHash": "sha256-0JIGcmgpLg2ozkpSkZhITKi3QS9bp0y7202ea0mkhro=",
        "owner": "max397574",
        "repo": "care-cmp",
        "rev": "8d85ed4d4719ad31845a670660cf596e3e6275e4",
        "type": "github"
      },
      "original": {
        "owner": "max397574",
        "repo": "care-cmp",
        "type": "github"
      }
    },
    "plugins-gitsigns-nvim": {
      "flake": false,
      "locked": {
        "lastModified": 1737456691,
        "narHash": "sha256-z32R1SH1wpg0ZVGGdkJvyMedgp20DqGmx/I7lFb7L1o=",
        "owner": "lewis6991",
        "repo": "gitsigns.nvim",
        "rev": "f9170c3b74d94525201e5a40543d8924a2a883a7",
        "type": "github"
      },
      "original": {
        "owner": "lewis6991",
        "repo": "gitsigns.nvim",
        "type": "github"
      }
    },
    "plugins-helpview-nvim": {
      "flake": false,
      "locked": {
        "lastModified": 1724653959,
        "narHash": "sha256-x5ZV/1LKrxhQWsxsJwrIfD7BogKO7H2GKzDt3PABEh8=",
        "owner": "OXY2DEV",
        "repo": "helpview.nvim",
        "rev": "857aec1dab331252910da158ab6cbfbc65239c71",
        "type": "github"
      },
      "original": {
        "owner": "OXY2DEV",
        "repo": "helpview.nvim",
        "type": "github"
      }
    },
    "plugins-lazydev-nvim": {
      "flake": false,
      "locked": {
        "lastModified": 1734714787,
        "narHash": "sha256-ZaAkGTwEBoOjy6RyIPKFLJswxfOu886bN899UakXAv0=",
        "owner": "folke",
        "repo": "lazydev.nvim",
        "rev": "8620f82ee3f59ff2187647167b6b47387a13a018",
        "type": "github"
      },
      "original": {
        "owner": "folke",
        "repo": "lazydev.nvim",
        "type": "github"
      }
    },
    "plugins-lz-n": {
      "flake": false,
      "locked": {
        "lastModified": 1737251778,
        "narHash": "sha256-J8/UMygdIdSdlOEJ6SuicqAXsYdo4Pn2Di5bgtsqKGU=",
        "owner": "nvim-neorocks",
        "repo": "lz.n",
        "rev": "cd2ef2cd178517170f0246567ee6368b1cadf50b",
        "type": "github"
      },
      "original": {
        "owner": "nvim-neorocks",
        "repo": "lz.n",
        "type": "github"
      }
    },
    "plugins-markview-nvim": {
      "flake": false,
      "locked": {
        "lastModified": 1736309194,
        "narHash": "sha256-ZbZWF7hcJysfnbMraqsmK7PFSEU70P7TBKpZqgriTmk=",
        "owner": "OXY2DEV",
        "repo": "markview.nvim",
        "rev": "6e9f1840ba33e5318285ad97c22676f55b753479",
        "type": "github"
      },
      "original": {
        "owner": "OXY2DEV",
        "repo": "markview.nvim",
        "type": "github"
      }
    },
    "plugins-nvim-cmp-buffer": {
      "flake": false,
      "locked": {
        "lastModified": 1660101488,
        "narHash": "sha256-dG4U7MtnXThoa/PD+qFtCt76MQ14V1wX8GMYcvxEnbM=",
        "owner": "hrsh7th",
        "repo": "cmp-buffer",
        "rev": "3022dbc9166796b644a841a02de8dd1cc1d311fa",
        "type": "github"
      },
      "original": {
        "owner": "hrsh7th",
        "repo": "cmp-buffer",
        "type": "github"
      }
    },
    "plugins-nvim-cmp-path": {
      "flake": false,
      "locked": {
        "lastModified": 1664784283,
        "narHash": "sha256-thppiiV3wjIaZnAXmsh7j3DUc6ceSCvGzviwFUnoPaI=",
        "owner": "hrsh7th",
        "repo": "cmp-path",
        "rev": "91ff86cd9c29299a64f968ebb45846c485725f23",
        "type": "github"
      },
      "original": {
        "owner": "hrsh7th",
        "repo": "cmp-path",
        "type": "github"
      }
    },
    "plugins-nvim-cmp-spell": {
      "flake": false,
      "locked": {
        "lastModified": 1715084923,
        "narHash": "sha256-Gf7HSocvHmTleVQytNYmmN+fFX7kl5sYHQSpUJc0CGI=",
        "owner": "f3fora",
        "repo": "cmp-spell",
        "rev": "694a4e50809d6d645c1ea29015dad0c293f019d6",
        "type": "github"
      },
      "original": {
        "owner": "f3fora",
        "repo": "cmp-spell",
        "type": "github"
      }
    },
    "plugins-nvim-lspconfig": {
      "flake": false,
      "locked": {
        "lastModified": 1737458496,
        "narHash": "sha256-SIAv7SZ9CliD+BM/cUbhl+zEEhfzeKVXgXXNfFMmWS8=",
        "owner": "neovim",
        "repo": "nvim-lspconfig",
        "rev": "3d4180a5ef085b9da249919cce01c62b53c07d6a",
        "type": "github"
      },
      "original": {
        "owner": "neovim",
        "repo": "nvim-lspconfig",
        "type": "github"
      }
    },
    "plugins-plenary-nvim": {
      "flake": false,
      "locked": {
        "lastModified": 1736675595,
        "narHash": "sha256-18zX3kZ42ynRefFP0mOcy6ESEpejTukjNi4jCRXx48A=",
        "owner": "nvim-lua",
        "repo": "plenary.nvim",
        "rev": "3707cdb1e43f5cea73afb6037e6494e7ce847a66",
        "type": "github"
      },
      "original": {
        "owner": "nvim-lua",
        "repo": "plenary.nvim",
        "type": "github"
      }
    },
    "plugins-resession-nvim": {
      "flake": false,
      "locked": {
        "lastModified": 1735014468,
        "narHash": "sha256-D0IK+uqAMYvI+nV06dSlj2NtpI+8azQHJk6Ypa9bX1A=",
        "owner": "stevearc",
        "repo": "resession.nvim",
        "rev": "271a6fd7afa90142be59fca3a5c3b9865e40e6b9",
        "type": "github"
      },
      "original": {
        "owner": "stevearc",
        "repo": "resession.nvim",
        "type": "github"
      }
    },
    "plugins-resession-telescope-nvim": {
      "flake": false,
      "locked": {
        "lastModified": 1719167594,
        "narHash": "sha256-j5mSvv+NaLLIbIr3h9i+v9bxH9O4dX02QzsRSppMYT4=",
        "owner": "scottmckendry",
        "repo": "telescope-resession.nvim",
        "rev": "a5dd49e7324ecee4ba662032301cc8a4ceb51eaa",
        "type": "github"
      },
      "original": {
        "owner": "scottmckendry",
        "repo": "telescope-resession.nvim",
        "type": "github"
      }
    },
    "plugins-telescope-nvim": {
      "flake": false,
      "locked": {
        "lastModified": 1736328372,
        "narHash": "sha256-5y8srYKaAqFplMtDjsc8GdDF8yui5vCNMiOeFLrC/sM=",
        "owner": "nvim-telescope",
        "repo": "telescope.nvim",
        "rev": "415af52339215926d705cccc08145f3782c4d132",
        "type": "github"
      },
      "original": {
        "owner": "nvim-telescope",
        "repo": "telescope.nvim",
        "type": "github"
      }
    },
    "plugins-which-key-nvim": {
      "flake": false,
      "locked": {
        "lastModified": 1736055319,
        "narHash": "sha256-9V74V01dCqg1w5fpzzCmyfhR3/AYQg2MCIYkkjFv1go=",
        "owner": "folke",
        "repo": "which-key.nvim",
        "rev": "1f8d414f61e0b05958c342df9b6a4c89ce268766",
        "type": "github"
      },
      "original": {
        "owner": "folke",
        "repo": "which-key.nvim",
        "type": "github"
      }
    },
    "root": {
      "inputs": {
        "care-nvim": "care-nvim",
        "neovim-nightly-overlay": "neovim-nightly-overlay",
        "nil_ls": "nil_ls",
        "nixCats": "nixCats",
        "nixpkgs": "nixpkgs_3",
        "plugins-base16-nvim": "plugins-base16-nvim",
        "plugins-care-cmp": "plugins-care-cmp",
        "plugins-gitsigns-nvim": "plugins-gitsigns-nvim",
        "plugins-helpview-nvim": "plugins-helpview-nvim",
        "plugins-lazydev-nvim": "plugins-lazydev-nvim",
        "plugins-lz-n": "plugins-lz-n",
        "plugins-markview-nvim": "plugins-markview-nvim",
        "plugins-nvim-cmp-buffer": "plugins-nvim-cmp-buffer",
        "plugins-nvim-cmp-path": "plugins-nvim-cmp-path",
        "plugins-nvim-cmp-spell": "plugins-nvim-cmp-spell",
        "plugins-nvim-lspconfig": "plugins-nvim-lspconfig",
        "plugins-plenary-nvim": "plugins-plenary-nvim",
        "plugins-resession-nvim": "plugins-resession-nvim",
        "plugins-resession-telescope-nvim": "plugins-resession-telescope-nvim",
        "plugins-telescope-nvim": "plugins-telescope-nvim",
        "plugins-which-key-nvim": "plugins-which-key-nvim",
        "rust-overlay": "rust-overlay_2"
      }
    },
    "rust-overlay": {
      "inputs": {
        "nixpkgs": [
          "nil_ls",
          "nixpkgs"
        ]
      },
      "locked": {
        "lastModified": 1731983527,
        "narHash": "sha256-JECaBgC0pQ91Hq3W4unH6K9to8s2Zl2sPNu7bLOv4ek=",
        "owner": "oxalica",
        "repo": "rust-overlay",
        "rev": "71287228d96e9568e1e70c6bbfa3f992d145947b",
        "type": "github"
      },
      "original": {
        "owner": "oxalica",
        "repo": "rust-overlay",
        "type": "github"
      }
    },
    "rust-overlay_2": {
      "inputs": {
        "nixpkgs": [
          "nixpkgs"
        ]
      },
      "locked": {
        "lastModified": 1737426362,
        "narHash": "sha256-4SavpRWfRw2pLG1qqErWpk/hI1eCzqjKcE1motxHZgo=",
        "owner": "oxalica",
        "repo": "rust-overlay",
        "rev": "2103fcb16359438d42141bac873ed2367a05cbe7",
        "type": "github"
      },
      "original": {
        "owner": "oxalica",
        "repo": "rust-overlay",
        "type": "github"
      }
    },
    "systems": {
      "locked": {
        "lastModified": 1681028828,
        "narHash": "sha256-Vy1rq5AaRuLzOxct8nz4T6wlgyUR7zLU309k9mBC768=",
        "owner": "nix-systems",
        "repo": "default",
        "rev": "da67096a3b9bf56a91d16901293e51ba5b49a27e",
        "type": "github"
      },
      "original": {
        "owner": "nix-systems",
        "repo": "default",
        "type": "github"
      }
    },
    "treefmt-nix": {
      "inputs": {
        "nixpkgs": [
          "neovim-nightly-overlay",
          "nixpkgs"
        ]
      },
      "locked": {
        "lastModified": 1737103437,
        "narHash": "sha256-uPNWcYbhY2fjY3HOfRCR5jsfzdzemhfxLSxwjXYXqNc=",
        "owner": "numtide",
        "repo": "treefmt-nix",
        "rev": "d1ed3b385f8130e392870cfb1dbfaff8a63a1899",
        "type": "github"
      },
      "original": {
        "owner": "numtide",
        "repo": "treefmt-nix",
        "type": "github"
      }
    }
  },
  "root": "root",
  "version": 7
}
